// !$*UTF8*$!
{
	archiveVersion = 1;
	classes = {
	};
	objectVersion = 46;
	objects = {

/* Begin PBXBuildFile section */
		22C95BC51F5DA188009D0F76 /* main.m in Sources */ = {isa = PBXBuildFile; fileRef = 22C95BC41F5DA188009D0F76 /* main.m */; };
		22C95BC81F5DA188009D0F76 /* AppDelegate.m in Sources */ = {isa = PBXBuildFile; fileRef = 22C95BC71F5DA188009D0F76 /* AppDelegate.m */; };
		22C95BCB1F5DA188009D0F76 /* ViewController.m in Sources */ = {isa = PBXBuildFile; fileRef = 22C95BCA1F5DA188009D0F76 /* ViewController.m */; };
		22C95BCE1F5DA188009D0F76 /* Main.storyboard in Resources */ = {isa = PBXBuildFile; fileRef = 22C95BCC1F5DA188009D0F76 /* Main.storyboard */; };
		22C95BD01F5DA188009D0F76 /* Assets.xcassets in Resources */ = {isa = PBXBuildFile; fileRef = 22C95BCF1F5DA188009D0F76 /* Assets.xcassets */; };
		22C95BD31F5DA188009D0F76 /* LaunchScreen.storyboard in Resources */ = {isa = PBXBuildFile; fileRef = 22C95BD11F5DA188009D0F76 /* LaunchScreen.storyboard */; };
		22C95BDE1F5DA188009D0F76 /* ____Tests.m in Sources */ = {isa = PBXBuildFile; fileRef = 22C95BDD1F5DA188009D0F76 /* ____Tests.m */; };
		22C95BE91F5DA188009D0F76 /* ____UITests.m in Sources */ = {isa = PBXBuildFile; fileRef = 22C95BE81F5DA188009D0F76 /* ____UITests.m */; };
		22C95BFC1F5DAB26009D0F76 /* CZQuestion.m in Sources */ = {isa = PBXBuildFile; fileRef = 22C95BFB1F5DAB26009D0F76 /* CZQuestion.m */; };
		22C95BFE1F5DB388009D0F76 /* questions.plist in Resources */ = {isa = PBXBuildFile; fileRef = 22C95BFD1F5DB388009D0F76 /* questions.plist */; };
/* End PBXBuildFile section */

/* Begin PBXContainerItemProxy section */
		22C95BDA1F5DA188009D0F76 /* PBXContainerItemProxy */ = {
			isa = PBXContainerItemProxy;
			containerPortal = 22C95BB81F5DA188009D0F76 /* Project object */;
			proxyType = 1;
			remoteGlobalIDString = 22C95BBF1F5DA188009D0F76;
			remoteInfo = "超级猜图";
		};
		22C95BE51F5DA188009D0F76 /* PBXContainerItemProxy */ = {
			isa = PBXContainerItemProxy;
			containerPortal = 22C95BB81F5DA188009D0F76 /* Project object */;
			proxyType = 1;
			remoteGlobalIDString = 22C95BBF1F5DA188009D0F76;
			remoteInfo = "超级猜图";
		};
/* End PBXContainerItemProxy section */

/* Begin PBXFileReference section */
		22C95BC01F5DA188009D0F76 /* 超级猜图.app */ = {isa = PBXFileReference; explicitFileType = wrapper.application; includeInIndex = 0; path = "超级猜图.app"; sourceTree = BUILT_PRODUCTS_DIR; };
		22C95BC41F5DA188009D0F76 /* main.m */ = {isa = PBXFileReference; lastKnownFileType = sourcecode.c.objc; path = main.m; sourceTree = "<group>"; };
		22C95BC61F5DA188009D0F76 /* AppDelegate.h */ = {isa = PBXFileReference; lastKnownFileType = sourcecode.c.h; path = AppDelegate.h; sourceTree = "<group>"; };
		22C95BC71F5DA188009D0F76 /* AppDelegate.m */ = {isa = PBXFileReference; lastKnownFileType = sourcecode.c.objc; path = AppDelegate.m; sourceTree = "<group>"; };
		22C95BC91F5DA188009D0F76 /* ViewController.h */ = {isa = PBXFileReference; lastKnownFileType = sourcecode.c.h; path = ViewController.h; sourceTree = "<group>"; };
		22C95BCA1F5DA188009D0F76 /* ViewController.m */ = {isa = PBXFileReference; lastKnownFileType = sourcecode.c.objc; path = ViewController.m; sourceTree = "<group>"; };
		22C95BCD1F5DA188009D0F76 /* Base */ = {isa = PBXFileReference; lastKnownFileType = file.storyboard; name = Base; path = Base.lproj/Main.storyboard; sourceTree = "<group>"; };
		22C95BCF1F5DA188009D0F76 /* Assets.xcassets */ = {isa = PBXFileReference; lastKnownFileType = folder.assetcatalog; path = Assets.xcassets; sourceTree = "<group>"; };
		22C95BD21F5DA188009D0F76 /* Base */ = {isa = PBXFileReference; lastKnownFileType = file.storyboard; name = Base; path = Base.lproj/LaunchScreen.storyboard; sourceTree = "<group>"; };
		22C95BD41F5DA188009D0F76 /* Info.plist */ = {isa = PBXFileReference; lastKnownFileType = text.plist.xml; path = Info.plist; sourceTree = "<group>"; };
		22C95BD91F5DA188009D0F76 /* 超级猜图Tests.xctest */ = {isa = PBXFileReference; explicitFileType = wrapper.cfbundle; includeInIndex = 0; path = "超级猜图Tests.xctest"; sourceTree = BUILT_PRODUCTS_DIR; };
		22C95BDD1F5DA188009D0F76 /* ____Tests.m */ = {isa = PBXFileReference; lastKnownFileType = sourcecode.c.objc; path = "____Tests.m"; sourceTree = "<group>"; };
		22C95BDF1F5DA188009D0F76 /* Info.plist */ = {isa = PBXFileReference; lastKnownFileType = text.plist.xml; path = Info.plist; sourceTree = "<group>"; };
		22C95BE41F5DA188009D0F76 /* 超级猜图UITests.xctest */ = {isa = PBXFileReference; explicitFileType = wrapper.cfbundle; includeInIndex = 0; path = "超级猜图UITests.xctest"; sourceTree = BUILT_PRODUCTS_DIR; };
		22C95BE81F5DA188009D0F76 /* ____UITests.m */ = {isa = PBXFileReference; lastKnownFileType = sourcecode.c.objc; path = "____UITests.m"; sourceTree = "<group>"; };
		22C95BEA1F5DA188009D0F76 /* Info.plist */ = {isa = PBXFileReference; lastKnownFileType = text.plist.xml; path = Info.plist; sourceTree = "<group>"; };
		22C95BFA1F5DAB26009D0F76 /* CZQuestion.h */ = {isa = PBXFileReference; fileEncoding = 4; lastKnownFileType = sourcecode.c.h; path = CZQuestion.h; sourceTree = "<group>"; };
		22C95BFB1F5DAB26009D0F76 /* CZQuestion.m */ = {isa = PBXFileReference; fileEncoding = 4; lastKnownFileType = sourcecode.c.objc; path = CZQuestion.m; sourceTree = "<group>"; };
		22C95BFD1F5DB388009D0F76 /* questions.plist */ = {isa = PBXFileReference; fileEncoding = 4; lastKnownFileType = text.plist.xml; name = questions.plist; path = "../../../../../Downloads/01-超级猜图游戏/01-超级猜图游戏/questions.plist"; sourceTree = "<group>"; };
/* End PBXFileReference section */

/* Begin PBXFrameworksBuildPhase section */
		22C95BBD1F5DA188009D0F76 /* Frameworks */ = {
			isa = PBXFrameworksBuildPhase;
			buildActionMask = 2147483647;
			files = (
			);
			runOnlyForDeploymentPostprocessing = 0;
		};
		22C95BD61F5DA188009D0F76 /* Frameworks */ = {
			isa = PBXFrameworksBuildPhase;
			buildActionMask = 2147483647;
			files = (
			);
			runOnlyForDeploymentPostprocessing = 0;
		};
		22C95BE11F5DA188009D0F76 /* Frameworks */ = {
			isa = PBXFrameworksBuildPhase;
			buildActionMask = 2147483647;
			files = (
			);
			runOnlyForDeploymentPostprocessing = 0;
		};
/* End PBXFrameworksBuildPhase section */

/* Begin PBXGroup section */
		22C95BB71F5DA188009D0F76 = {
			isa = PBXGroup;
			children = (
				22C95BC21F5DA188009D0F76 /* 超级猜图 */,
				22C95BDC1F5DA188009D0F76 /* 超级猜图Tests */,
				22C95BE71F5DA188009D0F76 /* 超级猜图UITests */,
				22C95BC11F5DA188009D0F76 /* Products */,
			);
			sourceTree = "<group>";
		};
		22C95BC11F5DA188009D0F76 /* Products */ = {
			isa = PBXGroup;
			children = (
				22C95BC01F5DA188009D0F76 /* 超级猜图.app */,
				22C95BD91F5DA188009D0F76 /* 超级猜图Tests.xctest */,
				22C95BE41F5DA188009D0F76 /* 超级猜图UITests.xctest */,
			);
			name = Products;
			sourceTree = "<group>";
		};
		22C95BC21F5DA188009D0F76 /* 超级猜图 */ = {
			isa = PBXGroup;
			children = (
				22C95BF91F5DA201009D0F76 /* Others */,
				22C95BF81F5DA1FA009D0F76 /* Controllers */,
				22C95BF71F5DA1F3009D0F76 /* Views */,
				22C95BF61F5DA1DC009D0F76 /* Models */,
				22C95BC31F5DA188009D0F76 /* Supporting Files */,
			);
			path = "超级猜图";
			sourceTree = "<group>";
		};
		22C95BC31F5DA188009D0F76 /* Supporting Files */ = {
			isa = PBXGroup;
			children = (
				22C95BFD1F5DB388009D0F76 /* questions.plist */,
				22C95BCF1F5DA188009D0F76 /* Assets.xcassets */,
				22C95BD41F5DA188009D0F76 /* Info.plist */,
				22C95BC41F5DA188009D0F76 /* main.m */,
			);
			name = "Supporting Files";
			sourceTree = "<group>";
		};
		22C95BDC1F5DA188009D0F76 /* 超级猜图Tests */ = {
			isa = PBXGroup;
			children = (
				22C95BDD1F5DA188009D0F76 /* ____Tests.m */,
				22C95BDF1F5DA188009D0F76 /* Info.plist */,
			);
			path = "超级猜图Tests";
			sourceTree = "<group>";
		};
		22C95BE71F5DA188009D0F76 /* 超级猜图UITests */ = {
			isa = PBXGroup;
			children = (
				22C95BE81F5DA188009D0F76 /* ____UITests.m */,
				22C95BEA1F5DA188009D0F76 /* Info.plist */,
			);
			path = "超级猜图UITests";
			sourceTree = "<group>";
		};
		22C95BF61F5DA1DC009D0F76 /* Models */ = {
			isa = PBXGroup;
			children = (
				22C95BFA1F5DAB26009D0F76 /* CZQuestion.h */,
				22C95BFB1F5DAB26009D0F76 /* CZQuestion.m */,
			);
			name = Models;
			sourceTree = "<group>";
		};
		22C95BF71F5DA1F3009D0F76 /* Views */ = {
			isa = PBXGroup;
			children = (
				22C95BCC1F5DA188009D0F76 /* Main.storyboard */,
				22C95BD11F5DA188009D0F76 /* LaunchScreen.storyboard */,
			);
			name = Views;
			sourceTree = "<group>";
		};
		22C95BF81F5DA1FA009D0F76 /* Controllers */ = {
			isa = PBXGroup;
			children = (
				22C95BC91F5DA188009D0F76 /* ViewController.h */,
				22C95BCA1F5DA188009D0F76 /* ViewController.m */,
			);
			name = Controllers;
			sourceTree = "<group>";
		};
		22C95BF91F5DA201009D0F76 /* Others */ = {
			isa = PBXGroup;
			children = (
				22C95BC61F5DA188009D0F76 /* AppDelegate.h */,
				22C95BC71F5DA188009D0F76 /* AppDelegate.m */,
			);
			name = Others;
			sourceTree = "<group>";
		};
/* End PBXGroup section */

/* Begin PBXNativeTarget section */
		22C95BBF1F5DA188009D0F76 /* 超级猜图 */ = {
			isa = PBXNativeTarget;
			buildConfigurationList = 22C95BED1F5DA188009D0F76 /* Build configuration list for PBXNativeTarget "超级猜图" */;
			buildPhases = (
				22C95BBC1F5DA188009D0F76 /* Sources */,
				22C95BBD1F5DA188009D0F76 /* Frameworks */,
				22C95BBE1F5DA188009D0F76 /* Resources */,
			);
			buildRules = (
			);
			dependencies = (
			);
			name = "超级猜图";
			productName = "超级猜图";
			productReference = 22C95BC01F5DA188009D0F76 /* 超级猜图.app */;
			productType = "com.apple.product-type.application";
		};
		22C95BD81F5DA188009D0F76 /* 超级猜图Tests */ = {
			isa = PBXNativeTarget;
			buildConfigurationList = 22C95BF01F5DA188009D0F76 /* Build configuration list for PBXNativeTarget "超级猜图Tests" */;
			buildPhases = (
				22C95BD51F5DA188009D0F76 /* Sources */,
				22C95BD61F5DA188009D0F76 /* Frameworks */,
				22C95BD71F5DA188009D0F76 /* Resources */,
			);
			buildRules = (
			);
			dependencies = (
				22C95BDB1F5DA188009D0F76 /* PBXTargetDependency */,
			);
			name = "超级猜图Tests";
			productName = "超级猜图Tests";
			productReference = 22C95BD91F5DA188009D0F76 /* 超级猜图Tests.xctest */;
			productType = "com.apple.product-type.bundle.unit-test";
		};
		22C95BE31F5DA188009D0F76 /* 超级猜图UITests */ = {
			isa = PBXNativeTarget;
			buildConfigurationList = 22C95BF31F5DA188009D0F76 /* Build configuration list for PBXNativeTarget "超级猜图UITests" */;
			buildPhases = (
				22C95BE01F5DA188009D0F76 /* Sources */,
				22C95BE11F5DA188009D0F76 /* Frameworks */,
				22C95BE21F5DA188009D0F76 /* Resources */,
			);
			buildRules = (
			);
			dependencies = (
				22C95BE61F5DA188009D0F76 /* PBXTargetDependency */,
			);
			name = "超级猜图UITests";
			productName = "超级猜图UITests";
			productReference = 22C95BE41F5DA188009D0F76 /* 超级猜图UITests.xctest */;
			productType = "com.apple.product-type.bundle.ui-testing";
		};
/* End PBXNativeTarget section */

/* Begin PBXProject section */
		22C95BB81F5DA188009D0F76 /* Project object */ = {
			isa = PBXProject;
			attributes = {
				CLASSPREFIX = CZ;
				LastUpgradeCheck = 0830;
				ORGANIZATIONNAME = sam;
				TargetAttributes = {
					22C95BBF1F5DA188009D0F76 = {
						CreatedOnToolsVersion = 8.3.3;
						ProvisioningStyle = Automatic;
					};
					22C95BD81F5DA188009D0F76 = {
						CreatedOnToolsVersion = 8.3.3;
						ProvisioningStyle = Automatic;
						TestTargetID = 22C95BBF1F5DA188009D0F76;
					};
					22C95BE31F5DA188009D0F76 = {
						CreatedOnToolsVersion = 8.3.3;
						ProvisioningStyle = Automatic;
						TestTargetID = 22C95BBF1F5DA188009D0F76;
					};
				};
			};
			buildConfigurationList = 22C95BBB1F5DA188009D0F76 /* Build configuration list for PBXProject "超级猜图" */;
			compatibilityVersion = "Xcode 3.2";
			developmentRegion = English;
			hasScannedForEncodings = 0;
			knownRegions = (
				en,
				Base,
			);
			mainGroup = 22C95BB71F5DA188009D0F76;
			productRefGroup = 22C95BC11F5DA188009D0F76 /* Products */;
			projectDirPath = "";
			projectRoot = "";
			targets = (
				22C95BBF1F5DA188009D0F76 /* 超级猜图 */,
				22C95BD81F5DA188009D0F76 /* 超级猜图Tests */,
				22C95BE31F5DA188009D0F76 /* 超级猜图UITests */,
			);
		};
/* End PBXProject section */

/* Begin PBXResourcesBuildPhase section */
		22C95BBE1F5DA188009D0F76 /* Resources */ = {
			isa = PBXResourcesBuildPhase;
			buildActionMask = 2147483647;
			files = (
				22C95BFE1F5DB388009D0F76 /* questions.plist in Resources */,
				22C95BD31F5DA188009D0F76 /* LaunchScreen.storyboard in Resources */,
				22C95BD01F5DA188009D0F76 /* Assets.xcassets in Resources */,
				22C95BCE1F5DA188009D0F76 /* Main.storyboard in Resources */,
			);
			runOnlyForDeploymentPostprocessing = 0;
		};
		22C95BD71F5DA188009D0F76 /* Resources */ = {
			isa = PBXResourcesBuildPhase;
			buildActionMask = 2147483647;
			files = (
			);
			runOnlyForDeploymentPostprocessing = 0;
		};
		22C95BE21F5DA188009D0F76 /* Resources */ = {
			isa = PBXResourcesBuildPhase;
			buildActionMask = 2147483647;
			files = (
			);
			runOnlyForDeploymentPostprocessing = 0;
		};
/* End PBXResourcesBuildPhase section */

/* Begin PBXSourcesBuildPhase section */
		22C95BBC1F5DA188009D0F76 /* Sources */ = {
			isa = PBXSourcesBuildPhase;
			buildActionMask = 2147483647;
			files = (
				22C95BFC1F5DAB26009D0F76 /* CZQuestion.m in Sources */,
				22C95BCB1F5DA188009D0F76 /* ViewController.m in Sources */,
				22C95BC81F5DA188009D0F76 /* AppDelegate.m in Sources */,
				22C95BC51F5DA188009D0F76 /* main.m in Sources */,
			);
			runOnlyForDeploymentPostprocessing = 0;
		};
		22C95BD51F5DA188009D0F76 /* Sources */ = {
			isa = PBXSourcesBuildPhase;
			buildActionMask = 2147483647;
			files = (
				22C95BDE1F5DA188009D0F76 /* ____Tests.m in Sources */,
			);
			runOnlyForDeploymentPostprocessing = 0;
		};
		22C95BE01F5DA188009D0F76 /* Sources */ = {
			isa = PBXSourcesBuildPhase;
			buildActionMask = 2147483647;
			files = (
				22C95BE91F5DA188009D0F76 /* ____UITests.m in Sources */,
			);
			runOnlyForDeploymentPostprocessing = 0;
		};
/* End PBXSourcesBuildPhase section */

/* Begin PBXTargetDependency section */
		22C95BDB1F5DA188009D0F76 /* PBXTargetDependency */ = {
			isa = PBXTargetDependency;
			target = 22C95BBF1F5DA188009D0F76 /* 超级猜图 */;
			targetProxy = 22C95BDA1F5DA188009D0F76 /* PBXContainerItemProxy */;
		};
		22C95BE61F5DA188009D0F76 /* PBXTargetDependency */ = {
			isa = PBXTargetDependency;
			target = 22C95BBF1F5DA188009D0F76 /* 超级猜图 */;
			targetProxy = 22C95BE51F5DA188009D0F76 /* PBXContainerItemProxy */;
		};
/* End PBXTargetDependency section */

/* Begin PBXVariantGroup section */
		22C95BCC1F5DA188009D0F76 /* Main.storyboard */ = {
			isa = PBXVariantGroup;
			children = (
				22C95BCD1F5DA188009D0F76 /* Base */,
			);
			name = Main.storyboard;
			sourceTree = "<group>";
		};
		22C95BD11F5DA188009D0F76 /* LaunchScreen.storyboard */ = {
			isa = PBXVariantGroup;
			children = (
				22C95BD21F5DA188009D0F76 /* Base */,
			);
			name = LaunchScreen.storyboard;
			sourceTree = "<group>";
		};
/* End PBXVariantGroup section */

/* Begin XCBuildConfiguration section */
		22C95BEB1F5DA188009D0F76 /* Debug */ = {
			isa = XCBuildConfiguration;
			buildSettings = {
				ALWAYS_SEARCH_USER_PATHS = NO;
				CLANG_ANALYZER_NONNULL = YES;
				CLANG_ANALYZER_NUMBER_OBJECT_CONVERSION = YES_AGGRESSIVE;
				CLANG_CXX_LANGUAGE_STANDARD = "gnu++0x";
				CLANG_CXX_LIBRARY = "libc++";
				CLANG_ENABLE_MODULES = YES;
				CLANG_ENABLE_OBJC_ARC = YES;
				CLANG_WARN_BOOL_CONVERSION = YES;
				CLANG_WARN_CONSTANT_CONVERSION = YES;
				CLANG_WARN_DIRECT_OBJC_ISA_USAGE = YES_ERROR;
				CLANG_WARN_DOCUMENTATION_COMMENTS = YES;
				CLANG_WARN_EMPTY_BODY = YES;
				CLANG_WARN_ENUM_CONVERSION = YES;
				CLANG_WARN_INFINITE_RECURSION = YES;
				CLANG_WARN_INT_CONVERSION = YES;
				CLANG_WARN_OBJC_ROOT_CLASS = YES_ERROR;
				CLANG_WARN_SUSPICIOUS_MOVE = YES;
				CLANG_WARN_UNREACHABLE_CODE = YES;
				CLANG_WARN__DUPLICATE_METHOD_MATCH = YES;
				"CODE_SIGN_IDENTITY[sdk=iphoneos*]" = "iPhone Developer";
				COPY_PHASE_STRIP = NO;
				DEBUG_INFORMATION_FORMAT = dwarf;
				ENABLE_STRICT_OBJC_MSGSEND = YES;
				ENABLE_TESTABILITY = YES;
				GCC_C_LANGUAGE_STANDARD = gnu99;
				GCC_DYNAMIC_NO_PIC = NO;
				GCC_NO_COMMON_BLOCKS = YES;
				GCC_OPTIMIZATION_LEVEL = 0;
				GCC_PREPROCESSOR_DEFINITIONS = (
					"DEBUG=1",
					"$(inherited)",
				);
				GCC_WARN_64_TO_32_BIT_CONVERSION = YES;
				GCC_WARN_ABOUT_RETURN_TYPE = YES_ERROR;
				GCC_WARN_UNDECLARED_SELECTOR = YES;
				GCC_WARN_UNINITIALIZED_AUTOS = YES_AGGRESSIVE;
				GCC_WARN_UNUSED_FUNCTION = YES;
				GCC_WARN_UNUSED_VARIABLE = YES;
				IPHONEOS_DEPLOYMENT_TARGET = 10.3;
				MTL_ENABLE_DEBUG_INFO = YES;
				ONLY_ACTIVE_ARCH = YES;
				SDKROOT = iphoneos;
			};
			name = Debug;
		};
		22C95BEC1F5DA188009D0F76 /* Release */ = {
			isa = XCBuildConfiguration;
			buildSettings = {
				ALWAYS_SEARCH_USER_PATHS = NO;
				CLANG_ANALYZER_NONNULL = YES;
				CLANG_ANALYZER_NUMBER_OBJECT_CONVERSION = YES_AGGRESSIVE;
				CLANG_CXX_LANGUAGE_STANDARD = "gnu++0x";
				CLANG_CXX_LIBRARY = "libc++";
				CLANG_ENABLE_MODULES = YES;
				CLANG_ENABLE_OBJC_ARC = YES;
				CLANG_WARN_BOOL_CONVERSION = YES;
				CLANG_WARN_CONSTANT_CONVERSION = YES;
				CLANG_WARN_DIRECT_OBJC_ISA_USAGE = YES_ERROR;
				CLANG_WARN_DOCUMENTATION_COMMENTS = YES;
				CLANG_WARN_EMPTY_BODY = YES;
				CLANG_WARN_ENUM_CONVERSION = YES;
				CLANG_WARN_INFINITE_RECURSION = YES;
				CLANG_WARN_INT_CONVERSION = YES;
				CLANG_WARN_OBJC_ROOT_CLASS = YES_ERROR;
				CLANG_WARN_SUSPICIOUS_MOVE = YES;
				CLANG_WARN_UNREACHABLE_CODE = YES;
				CLANG_WARN__DUPLICATE_METHOD_MATCH = YES;
				"CODE_SIGN_IDENTITY[sdk=iphoneos*]" = "iPhone Developer";
				COPY_PHASE_STRIP = NO;
				DEBUG_INFORMATION_FORMAT = "dwarf-with-dsym";
				ENABLE_NS_ASSERTIONS = NO;
				ENABLE_STRICT_OBJC_MSGSEND = YES;
				GCC_C_LANGUAGE_STANDARD = gnu99;
				GCC_NO_COMMON_BLOCKS = YES;
				GCC_WARN_64_TO_32_BIT_CONVERSION = YES;
				GCC_WARN_ABOUT_RETURN_TYPE = YES_ERROR;
				GCC_WARN_UNDECLARED_SELECTOR = YES;
				GCC_WARN_UNINITIALIZED_AUTOS = YES_AGGRESSIVE;
				GCC_WARN_UNUSED_FUNCTION = YES;
				GCC_WARN_UNUSED_VARIABLE = YES;
				IPHONEOS_DEPLOYMENT_TARGET = 10.3;
				MTL_ENABLE_DEBUG_INFO = NO;
				SDKROOT = iphoneos;
				VALIDATE_PRODUCT = YES;
			};
			name = Release;
		};
		22C95BEE1F5DA188009D0F76 /* Debug */ = {
			isa = XCBuildConfiguration;
			buildSettings = {
				ASSETCATALOG_COMPILER_APPICON_NAME = AppIcon;
				INFOPLIST_FILE = "超级猜图/Info.plist";
				LD_RUNPATH_SEARCH_PATHS = "$(inherited) @executable_path/Frameworks";
				PRODUCT_BUNDLE_IDENTIFIER = "Demo.----";
				PRODUCT_NAME = "$(TARGET_NAME)";
			};
			name = Debug;
		};
		22C95BEF1F5DA188009D0F76 /* Release */ = {
			isa = XCBuildConfiguration;
			buildSettings = {
				ASSETCATALOG_COMPILER_APPICON_NAME = AppIcon;
				INFOPLIST_FILE = "超级猜图/Info.plist";
				LD_RUNPATH_SEARCH_PATHS = "$(inherited) @executable_path/Frameworks";
				PRODUCT_BUNDLE_IDENTIFIER = "Demo.----";
				PRODUCT_NAME = "$(TARGET_NAME)";
			};
			name = Release;
		};
		22C95BF11F5DA188009D0F76 /* Debug */ = {
			isa = XCBuildConfiguration;
			buildSettings = {
				BUNDLE_LOADER = "$(TEST_HOST)";
				INFOPLIST_FILE = "超级猜图Tests/Info.plist";
				LD_RUNPATH_SEARCH_PATHS = "$(inherited) @executable_path/Frameworks @loader_path/Frameworks";
				PRODUCT_BUNDLE_IDENTIFIER = "Demo.----Tests";
				PRODUCT_NAME = "$(TARGET_NAME)";
				TEST_HOST = "$(BUILT_PRODUCTS_DIR)/超级猜图.app/超级猜图";
			};
			name = Debug;
		};
		22C95BF21F5DA188009D0F76 /* Release */ = {
			isa = XCBuildConfiguration;
			buildSettings = {
				BUNDLE_LOADER = "$(TEST_HOST)";
				INFOPLIST_FILE = "超级猜图Tests/Info.plist";
				LD_RUNPATH_SEARCH_PATHS = "$(inherited) @executable_path/Frameworks @loader_path/Frameworks";
				PRODUCT_BUNDLE_IDENTIFIER = "Demo.----Tests";
				PRODUCT_NAME = "$(TARGET_NAME)";
				TEST_HOST = "$(BUILT_PRODUCTS_DIR)/超级猜图.app/超级猜图";
			};
			name = Release;
		};
		22C95BF41F5DA188009D0F76 /* Debug */ = {
			isa = XCBuildConfiguration;
			buildSettings = {
				INFOPLIST_FILE = "超级猜图UITests/Info.plist";
				LD_RUNPATH_SEARCH_PATHS = "$(inherited) @executable_path/Frameworks @loader_path/Frameworks";
				PRODUCT_BUNDLE_IDENTIFIER = "Demo.----UITests";
				PRODUCT_NAME = "$(TARGET_NAME)";
				TEST_TARGET_NAME = "超级猜图";
			};
			name = Debug;
		};
		22C95BF51F5DA188009D0F76 /* Release */ = {
			isa = XCBuildConfiguration;
			buildSettings = {
				INFOPLIST_FILE = "超级猜图UITests/Info.plist";
				LD_RUNPATH_SEARCH_PATHS = "$(inherited) @executable_path/Frameworks @loader_path/Frameworks";
				PRODUCT_BUNDLE_IDENTIFIER = "Demo.----UITests";
				PRODUCT_NAME = "$(TARGET_NAME)";
				TEST_TARGET_NAME = "超级猜图";
			};
			name = Release;
		};
/* End XCBuildConfiguration section */

/* Begin XCConfigurationList section */
		22C95BBB1F5DA188009D0F76 /* Build configuration list for PBXProject "超级猜图" */ = {
			isa = XCConfigurationList;
			buildConfigurations = (
				22C95BEB1F5DA188009D0F76 /* Debug */,
				22C95BEC1F5DA188009D0F76 /* Release */,
			);
			defaultConfigurationIsVisible = 0;
			defaultConfigurationName = Release;
		};
		22C95BED1F5DA188009D0F76 /* Build configuration list for PBXNativeTarget "超级猜图" */ = {
			isa = XCConfigurationList;
			buildConfigurations = (
				22C95BEE1F5DA188009D0F76 /* Debug */,
				22C95BEF1F5DA188009D0F76 /* Release */,
			);
			defaultConfigurationIsVisible = 0;
		};
		22C95BF01F5DA188009D0F76 /* Build configuration list for PBXNativeTarget "超级猜图Tests" */ = {
			isa = XCConfigurationList;
			buildConfigurations = (
				22C95BF11F5DA188009D0F76 /* Debug */,
				22C95BF21F5DA188009D0F76 /* Release */,
			);
			defaultConfigurationIsVisible = 0;
		};
		22C95BF31F5DA188009D0F76 /* Build configuration list for PBXNativeTarget "超级猜图UITests" */ = {
			isa = XCConfigurationList;
			buildConfigurations = (
				22C95BF41F5DA188009D0F76 /* Debug */,
				22C95BF51F5DA188009D0F76 /* Release */,
			);
			defaultConfigurationIsVisible = 0;
		};
/* End XCConfigurationList section */
	};
	rootObject = 22C95BB81F5DA188009D0F76 /* Project object */;
}
